{
    "_readme": [
        "This file locks the dependencies of your project to a known state",
        "Read more about it at https://getcomposer.org/doc/01-basic-usage.md#installing-dependencies",
        "This file is @generated automatically"
    ],
    "content-hash": "8671c89ce02b58c8e2859a6722dfadda",
    "packages": [
        {
            "name": "ebukaodini/initframework",
            "version": "dev-master",
            "source": {
                "type": "git",
                "url": "https://github.com/ebukaodini/initframework.git",
                "reference": "b6e5dbba9d558c700ccf09276835b63e9fb1f81b"
            },
            "dist": {
                "type": "zip",
                "url": "https://api.github.com/repos/ebukaodini/initframework/zipball/b6e5dbba9d558c700ccf09276835b63e9fb1f81b",
                "reference": "b6e5dbba9d558c700ccf09276835b63e9fb1f81b",
                "shasum": ""
            },
            "require": {
                "php": ">=7.3.0"
            },
            "type": "library",
            "autoload": {
                "psr-4": {
                    "Framework\\": "src/Framework"
                }
            },
            "notification-url": "https://packagist.org/downloads/",
            "license": [
                "MIT"
            ],
            "authors": [
                {
                    "name": "Ebuka Odini",
                    "email": "ebukaodini@gmail.com"
                }
            ],
            "description": "👌🏽 A Simple Web Framework for PHP Developers.",
            "homepage": "http://github.com/ebukaodini/initframework",
            "keywords": [
                "Simple",
                "php",
                "web framework"
            ],
            "time": "2020-05-23T18:43:24+00:00"
        }
    ],
    "packages-dev": [],
    "aliases": [],
    "minimum-stability": "dev",
    "stability-flags": {
        "ebukaodini/initframework": 20
    },
    "prefer-stable": false,
    "prefer-lowest": false,
    "platform": [],
    "platform-dev": [],
    "plugin-api-version": "1.1.0"
}
